
Microsoft Visual Studio Solution File, Format Version 12.00
# Visual Studio Version 17
VisualStudioVersion = 17.11.35208.52
MinimumVisualStudioVersion = 10.0.40219.1
Project("{F184B08F-C81C-45F6-A57F-5ABD9991F28F}") = "RBMK Simulator", "RBMK Simulator\RBMK Simulator.vbproj", "{CC9797F9-7D48-4C0B-B105-92F230073416}"
EndProject
Global
	GlobalSection(SolutionConfigurationPlatforms) = preSolution
		Debug|Any CPU = Debug|Any CPU
		Release|Any CPU = Release|Any CPU
	EndGlobalSection
	GlobalSection(ProjectConfigurationPlatforms) = postSolution
		{CC9797F9-7D48-4C0B-B105-92F230073416}.Debug|Any CPU.ActiveCfg = Debug|Any CPU
		{CC9797F9-7D48-4C0B-B105-92F230073416}.Debug|Any CPU.Build.0 = Debug|Any CPU
		{CC9797F9-7D48-4C0B-B105-92F230073416}.Release|Any CPU.ActiveCfg = Release|Any CPU
		{CC9797F9-7D48-4C0B-B105-92F230073416}.Release|Any CPU.Build.0 = Release|Any CPU
	EndGlobalSection
	GlobalSection(SolutionProperties) = preSolution
		HideSolutionNode = FALSE
	EndGlobalSection
	GlobalSection(ExtensibilityGlobals) = postSolution
		SolutionGuid = {5C3ECCF0-FC9A-484D-8E61-A2C5CAF03DED}
	EndGlobalSection
EndGlobal
